// !$*UTF8*$!
{
	archiveVersion = 1;
	classes = {
	};
	objectVersion = 50;
	objects = {

/* Begin PBXBuildFile section */
		57DADFB224B4DEB4004CAD8B /* AppDelegate.swift in Sources */ = {isa = PBXBuildFile; fileRef = 57DADFB124B4DEB4004CAD8B /* AppDelegate.swift */; };
		57DADFB424B4DEB4004CAD8B /* SceneDelegate.swift in Sources */ = {isa = PBXBuildFile; fileRef = 57DADFB324B4DEB4004CAD8B /* SceneDelegate.swift */; };
		57DADFB624B4DEB4004CAD8B /* ViewController.swift in Sources */ = {isa = PBXBuildFile; fileRef = 57DADFB524B4DEB4004CAD8B /* ViewController.swift */; };
		57DADFB924B4DEB4004CAD8B /* Main.storyboard in Resources */ = {isa = PBXBuildFile; fileRef = 57DADFB724B4DEB4004CAD8B /* Main.storyboard */; };
		57DADFBB24B4DEB7004CAD8B /* Assets.xcassets in Resources */ = {isa = PBXBuildFile; fileRef = 57DADFBA24B4DEB7004CAD8B /* Assets.xcassets */; };
		57DADFBE24B4DEB7004CAD8B /* LaunchScreen.storyboard in Resources */ = {isa = PBXBuildFile; fileRef = 57DADFBC24B4DEB7004CAD8B /* LaunchScreen.storyboard */; };
/* End PBXBuildFile section */

/* Begin PBXFileReference section */
		57DADFAE24B4DEB4004CAD8B /* design.app */ = {isa = PBXFileReference; explicitFileType = wrapper.application; includeInIndex = 0; path = design.app; sourceTree = BUILT_PRODUCTS_DIR; };
		57DADFB124B4DEB4004CAD8B /* AppDelegate.swift */ = {isa = PBXFileReference; lastKnownFileType = sourcecode.swift; path = AppDelegate.swift; sourceTree = "<group>"; };
		57DADFB324B4DEB4004CAD8B /* SceneDelegate.swift */ = {isa = PBXFileReference; lastKnownFileType = sourcecode.swift; path = SceneDelegate.swift; sourceTree = "<group>"; };
		57DADFB524B4DEB4004CAD8B /* ViewController.swift */ = {isa = PBXFileReference; lastKnownFileType = sourcecode.swift; path = ViewController.swift; sourceTree = "<group>"; };
		57DADFB824B4DEB4004CAD8B /* Base */ = {isa = PBXFileReference; lastKnownFileType = file.storyboard; name = Base; path = Base.lproj/Main.storyboard; sourceTree = "<group>"; };
		57DADFBA24B4DEB7004CAD8B /* Assets.xcassets */ = {isa = PBXFileReference; lastKnownFileType = folder.assetcatalog; path = Assets.xcassets; sourceTree = "<group>"; };
		57DADFBD24B4DEB7004CAD8B /* Base */ = {isa = PBXFileReference; lastKnownFileType = file.storyboard; name = Base; path = Base.lproj/LaunchScreen.storyboard; sourceTree = "<group>"; };
		57DADFBF24B4DEB7004CAD8B /* Info.plist */ = {isa = PBXFileReference; lastKnownFileType = text.plist.xml; path = Info.plist; sourceTree = "<group>"; };
/* End PBXFileReference section */

/* Begin PBXFrameworksBuildPhase section */
		57DADFAB24B4DEB4004CAD8B /* Frameworks */ = {
			isa = PBXFrameworksBuildPhase;
			buildActionMask = 2147483647;
			files = (
			);
			runOnlyForDeploymentPostprocessing = 0;
		};
/* End PBXFrameworksBuildPhase section */

/* Begin PBXGroup section */
		57DADFA524B4DEB4004CAD8B = {
			isa = PBXGroup;
			children = (
				57DADFB024B4DEB4004CAD8B /* design */,
				57DADFAF24B4DEB4004CAD8B /* Products */,
			);
			sourceTree = "<group>";
		};
		57DADFAF24B4DEB4004CAD8B /* Products */ = {
			isa = PBXGroup;
			children = (
				57DADFAE24B4DEB4004CAD8B /* design.app */,
			);
			name = Products;
			sourceTree = "<group>";
		};
		57DADFB024B4DEB4004CAD8B /* design */ = {
			isa = PBXGroup;
			children = (
				57DADFB124B4DEB4004CAD8B /* AppDelegate.swift */,
				57DADFB324B4DEB4004CAD8B /* SceneDelegate.swift */,
				57DADFB524B4DEB4004CAD8B /* ViewController.swift */,
				57DADFB724B4DEB4004CAD8B /* Main.storyboard */,
				57DADFBA24B4DEB7004CAD8B /* Assets.xcassets */,
				57DADFBC24B4DEB7004CAD8B /* LaunchScreen.storyboard */,
				57DADFBF24B4DEB7004CAD8B /* Info.plist */,
			);
			path = design;
			sourceTree = "<group>";
		};
/* End PBXGroup section */

/* Begin PBXNativeTarget section */
		57DADFAD24B4DEB4004CAD8B /* design */ = {
			isa = PBXNativeTarget;
			buildConfigurationList = 57DADFC224B4DEB7004CAD8B /* Build configuration list for PBXNativeTarget "design" */;
			buildPhases = (
				57DADFAA24B4DEB4004CAD8B /* Sources */,
				57DADFAB24B4DEB4004CAD8B /* Frameworks */,
				57DADFAC24B4DEB4004CAD8B /* Resources */,
			);
			buildRules = (
			);
			dependencies = (
			);
			name = design;
			productName = design;
			productReference = 57DADFAE24B4DEB4004CAD8B /* design.app */;
			productType = "com.apple.product-type.application";
		};
/* End PBXNativeTarget section */

/* Begin PBXProject section */
		57DADFA624B4DEB4004CAD8B /* Project object */ = {
			isa = PBXProject;
			attributes = {
				LastSwiftUpdateCheck = 1150;
				LastUpgradeCheck = 1150;
				ORGANIZATIONNAME = "Aldana Al-Rashidi";
				TargetAttributes = {
					57DADFAD24B4DEB4004CAD8B = {
						CreatedOnToolsVersion = 11.5;
					};
				};
			};
			buildConfigurationList = 57DADFA924B4DEB4004CAD8B /* Build configuration list for PBXProject "design" */;
			compatibilityVersion = "Xcode 9.3";
			developmentRegion = en;
			hasScannedForEncodings = 0;
			knownRegions = (
				en,
				Base,
			);
			mainGroup = 57DADFA524B4DEB4004CAD8B;
			productRefGroup = 57DADFAF24B4DEB4004CAD8B /* Products */;
			projectDirPath = "";
			projectRoot = "";
			targets = (
				57DADFAD24B4DEB4004CAD8B /* design */,
			);
		};
/* End PBXProject section */

/* Begin PBXResourcesBuildPhase section */
		57DADFAC24B4DEB4004CAD8B /* Resources */ = {
			isa = PBXResourcesBuildPhase;
			buildActionMask = 2147483647;
			files = (
				57DADFBE24B4DEB7004CAD8B /* LaunchScreen.storyboard in Resources */,
				57DADFBB24B4DEB7004CAD8B /* Assets.xcassets in Resources */,
				57DADFB924B4DEB4004CAD8B /* Main.storyboard in Resources */,
			);
			runOnlyForDeploymentPostprocessing = 0;
		};
/* End PBXResourcesBuildPhase section */

/* Begin PBXSourcesBuildPhase section */
		57DADFAA24B4DEB4004CAD8B /* Sources */ = {
			isa = PBXSourcesBuildPhase;
			buildActionMask = 2147483647;
			files = (
				57DADFB624B4DEB4004CAD8B /* ViewController.swift in Sources */,
				57DADFB224B4DEB4004CAD8B /* AppDelegate.swift in Sources */,
				57DADFB424B4DEB4004CAD8B /* SceneDelegate.swift in Sources */,
			);
			runOnlyForDeploymentPostprocessing = 0;
		};
/* End PBXSourcesBuildPhase section */

/* Begin PBXVariantGroup section */
		57DADFB724B4DEB4004CAD8B /* Main.storyboard */ = {
			isa = PBXVariantGroup;
			children = (
				57DADFB824B4DEB4004CAD8B /* Base */,
			);
			name = Main.storyboard;
			sourceTree = "<group>";
		};
		57DADFBC24B4DEB7004CAD8B /* LaunchScreen.storyboard */ = {
			isa = PBXVariantGroup;
			children = (
				57DADFBD24B4DEB7004CAD8B /* Base */,
			);
			name = LaunchScreen.storyboard;
			sourceTree = "<group>";
		};
/* End PBXVariantGroup section */

/* Begin XCBuildConfiguration section */
		57DADFC024B4DEB7004CAD8B /* Debug */ = {
			isa = XCBuildConfiguration;
			buildSettings = {
				ALWAYS_SEARCH_USER_PATHS = NO;
				CLANG_ANALYZER_NONNULL = YES;
				CLANG_ANALYZER_NUMBER_OBJECT_CONVERSION = YES_AGGRESSIVE;
				CLANG_CXX_LANGUAGE_STANDARD = "gnu++14";
				CLANG_CXX_LIBRARY = "libc++";
				CLANG_ENABLE_MODULES = YES;
				CLANG_ENABLE_OBJC_ARC = YES;
				CLANG_ENABLE_OBJC_WEAK = YES;
				CLANG_WARN_BLOCK_CAPTURE_AUTORELEASING = YES;
				CLANG_WARN_BOOL_CONVERSION = YES;
				CLANG_WARN_COMMA = YES;
				CLANG_WARN_CONSTANT_CONVERSION = YES;
				CLANG_WARN_DEPRECATED_OBJC_IMPLEMENTATIONS = YES;
				CLANG_WARN_DIRECT_OBJC_ISA_USAGE = YES_ERROR;
				CLANG_WARN_DOCUMENTATION_COMMENTS = YES;
				CLANG_WARN_EMPTY_BODY = YES;
				CLANG_WARN_ENUM_CONVERSION = YES;
				CLANG_WARN_INFINITE_RECURSION = YES;
				CLANG_WARN_INT_CONVERSION = YES;
				CLANG_WARN_NON_LITERAL_NULL_CONVERSION = YES;
				CLANG_WARN_OBJC_IMPLICIT_RETAIN_SELF = YES;
				CLANG_WARN_OBJC_LITERAL_CONVERSION = YES;
				CLANG_WARN_OBJC_ROOT_CLASS = YES_ERROR;
				CLANG_WARN_RANGE_LOOP_ANALYSIS = YES;
				CLANG_WARN_STRICT_PROTOTYPES = YES;
				CLANG_WARN_SUSPICIOUS_MOVE = YES;
				CLANG_WARN_UNGUARDED_AVAILABILITY = YES_AGGRESSIVE;
				CLANG_WARN_UNREACHABLE_CODE = YES;
				CLANG_WARN__DUPLICATE_METHOD_MATCH = YES;
				COPY_PHASE_STRIP = NO;
				DEBUG_INFORMATION_FORMAT = dwarf;
				ENABLE_STRICT_OBJC_MSGSEND = YES;
				ENABLE_TESTABILITY = YES;
				GCC_C_LANGUAGE_STANDARD = gnu11;
				GCC_DYNAMIC_NO_PIC = NO;
				GCC_NO_COMMON_BLOCKS = YES;
				GCC_OPTIMIZATION_LEVEL = 0;
				GCC_PREPROCESSOR_DEFINITIONS = (
					"DEBUG=1",
					"$(inherited)",
				);
				GCC_WARN_64_TO_32_BIT_CONVERSION = YES;
				GCC_WARN_ABOUT_RETURN_TYPE = YES_ERROR;
				GCC_WARN_UNDECLARED_SELECTOR = YES;
				GCC_WARN_UNINITIALIZED_AUTOS = YES_AGGRESSIVE;
				GCC_WARN_UNUSED_FUNCTION = YES;
				GCC_WARN_UNUSED_VARIABLE = YES;
				IPHONEOS_DEPLOYMENT_TARGET = 13.5;
				MTL_ENABLE_DEBUG_INFO = INCLUDE_SOURCE;
				MTL_FAST_MATH = YES;
				ONLY_ACTIVE_ARCH = YES;
				SDKROOT = iphoneos;
				SWIFT_ACTIVE_COMPILATION_CONDITIONS = DEBUG;
				SWIFT_OPTIMIZATION_LEVEL = "-Onone";
			};
			name = Debug;
		};
		57DADFC124B4DEB7004CAD8B /* Release */ = {
			isa = XCBuildConfiguration;
			buildSettings = {
				ALWAYS_SEARCH_USER_PATHS = NO;
				CLANG_ANALYZER_NONNULL = YES;
				CLANG_ANALYZER_NUMBER_OBJECT_CONVERSION = YES_AGGRESSIVE;
				CLANG_CXX_LANGUAGE_STANDARD = "gnu++14";
				CLANG_CXX_LIBRARY = "libc++";
				CLANG_ENABLE_MODULES = YES;
				CLANG_ENABLE_OBJC_ARC = YES;
				CLANG_ENABLE_OBJC_WEAK = YES;
				CLANG_WARN_BLOCK_CAPTURE_AUTORELEASING = YES;
				CLANG_WARN_BOOL_CONVERSION = YES;
				CLANG_WARN_COMMA = YES;
				CLANG_WARN_CONSTANT_CONVERSION = YES;
				CLANG_WARN_DEPRECATED_OBJC_IMPLEMENTATIONS = YES;
				CLANG_WARN_DIRECT_OBJC_ISA_USAGE = YES_ERROR;
				CLANG_WARN_DOCUMENTATION_COMMENTS = YES;
				CLANG_WARN_EMPTY_BODY = YES;
				CLANG_WARN_ENUM_CONVERSION = YES;
				CLANG_WARN_INFINITE_RECURSION = YES;
				CLANG_WARN_INT_CONVERSION = YES;
				CLANG_WARN_NON_LITERAL_NULL_CONVERSION = YES;
				CLANG_WARN_OBJC_IMPLICIT_RETAIN_SELF = YES;
				CLANG_WARN_OBJC_LITERAL_CONVERSION = YES;
				CLANG_WARN_OBJC_ROOT_CLASS = YES_ERROR;
				CLANG_WARN_RANGE_LOOP_ANALYSIS = YES;
				CLANG_WARN_STRICT_PROTOTYPES = YES;
				CLANG_WARN_SUSPICIOUS_MOVE = YES;
				CLANG_WARN_UNGUARDED_AVAILABILITY = YES_AGGRESSIVE;
				CLANG_WARN_UNREACHABLE_CODE = YES;
				CLANG_WARN__DUPLICATE_METHOD_MATCH = YES;
				COPY_PHASE_STRIP = NO;
				DEBUG_INFORMATION_FORMAT = "dwarf-with-dsym";
				ENABLE_NS_ASSERTIONS = NO;
				ENABLE_STRICT_OBJC_MSGSEND = YES;
				GCC_C_LANGUAGE_STANDARD = gnu11;
				GCC_NO_COMMON_BLOCKS = YES;
				GCC_WARN_64_TO_32_BIT_CONVERSION = YES;
				GCC_WARN_ABOUT_RETURN_TYPE = YES_ERROR;
				GCC_WARN_UNDECLARED_SELECTOR = YES;
				GCC_WARN_UNINITIALIZED_AUTOS = YES_AGGRESSIVE;
				GCC_WARN_UNUSED_FUNCTION = YES;
				GCC_WARN_UNUSED_VARIABLE = YES;
				IPHONEOS_DEPLOYMENT_TARGET = 13.5;
				MTL_ENABLE_DEBUG_INFO = NO;
				MTL_FAST_MATH = YES;
				SDKROOT = iphoneos;
				SWIFT_COMPILATION_MODE = wholemodule;
				SWIFT_OPTIMIZATION_LEVEL = "-O";
				VALIDATE_PRODUCT = YES;
			};
			name = Release;
		};
		57DADFC324B4DEB7004CAD8B /* Debug */ = {
			isa = XCBuildConfiguration;
			buildSettings = {
				ASSETCATALOG_COMPILER_APPICON_NAME = AppIcon;
				CODE_SIGN_STYLE = Automatic;
				INFOPLIST_FILE = design/Info.plist;
				LD_RUNPATH_SEARCH_PATHS = (
					"$(inherited)",
					"@executable_path/Frameworks",
				);
				PRODUCT_BUNDLE_IDENTIFIER = com.aldana227.design;
				PRODUCT_NAME = "$(TARGET_NAME)";
				SWIFT_VERSION = 5.0;
				TARGETED_DEVICE_FAMILY = "1,2";
			};
			name = Debug;
		};
		57DADFC424B4DEB7004CAD8B /* Release */ = {
			isa = XCBuildConfiguration;
			buildSettings = {
				ASSETCATALOG_COMPILER_APPICON_NAME = AppIcon;
				CODE_SIGN_STYLE = Automatic;
				INFOPLIST_FILE = design/Info.plist;
				LD_RUNPATH_SEARCH_PATHS = (
					"$(inherited)",
					"@executable_path/Frameworks",
				);
				PRODUCT_BUNDLE_IDENTIFIER = com.aldana227.design;
				PRODUCT_NAME = "$(TARGET_NAME)";
				SWIFT_VERSION = 5.0;
				TARGETED_DEVICE_FAMILY = "1,2";
			};
			name = Release;
		};
/* End XCBuildConfiguration section */

/* Begin XCConfigurationList section */
		57DADFA924B4DEB4004CAD8B /* Build configuration list for PBXProject "design" */ = {
			isa = XCConfigurationList;
			buildConfigurations = (
				57DADFC024B4DEB7004CAD8B /* Debug */,
				57DADFC124B4DEB7004CAD8B /* Release */,
			);
			defaultConfigurationIsVisible = 0;
			defaultConfigurationName = Release;
		};
		57DADFC224B4DEB7004CAD8B /* Build configuration list for PBXNativeTarget "design" */ = {
			isa = XCConfigurationList;
			buildConfigurations = (
				57DADFC324B4DEB7004CAD8B /* Debug */,
				57DADFC424B4DEB7004CAD8B /* Release */,
			);
			defaultConfigurationIsVisible = 0;
			defaultConfigurationName = Release;
		};
/* End XCConfigurationList section */
	};
	rootObject = 57DADFA624B4DEB4004CAD8B /* Project object */;
}
